
Microsoft Visual Studio Solution File, Format Version 12.00
# Visual Studio Version 17
VisualStudioVersion = 17.13.35828.75 d17.13
MinimumVisualStudioVersion = 10.0.40219.1
Project("{FAE04EC0-301F-11D3-BF4B-00C04F79EFBC}") = "Cars", "Cars\Cars.csproj", "{BF0E8846-0259-4B52-8E08-4292096F0D60}"
EndProject
Global
	GlobalSection(SolutionConfigurationPlatforms) = preSolution
		Debug|Any CPU = Debug|Any CPU
		Release|Any CPU = Release|Any CPU
	EndGlobalSection
	GlobalSection(ProjectConfigurationPlatforms) = postSolution
		{BF0E8846-0259-4B52-8E08-4292096F0D60}.Debug|Any CPU.ActiveCfg = Debug|Any CPU
		{BF0E8846-0259-4B52-8E08-4292096F0D60}.Debug|Any CPU.Build.0 = Debug|Any CPU
		{BF0E8846-0259-4B52-8E08-4292096F0D60}.Release|Any CPU.ActiveCfg = Release|Any CPU
		{BF0E8846-0259-4B52-8E08-4292096F0D60}.Release|Any CPU.Build.0 = Release|Any CPU
	EndGlobalSection
	GlobalSection(SolutionProperties) = preSolution
		HideSolutionNode = FALSE
	EndGlobalSection
	GlobalSection(ExtensibilityGlobals) = postSolution
		SolutionGuid = {ED2616BA-2855-482B-8DB3-4D777C0A6824}
	EndGlobalSection
EndGlobal
